
Microsoft Visual Studio Solution File, Format Version 12.00
# Visual Studio Version 16
VisualStudioVersion = 16.0.29324.140
MinimumVisualStudioVersion = 10.0.40219.1
Project("{FAE04EC0-301F-11D3-BF4B-00C04F79EFBC}") = "WebServicesDemo", "WebServicesDemo\WebServicesDemo.csproj", "{D3C2D1F6-6701-4124-8F14-10956291D56F}"
EndProject
Project("{FAE04EC0-301F-11D3-BF4B-00C04F79EFBC}") = "CalculatorWebApplication", "CalculatorWebApplication\CalculatorWebApplication.csproj", "{58AA9533-64A0-44A5-A27A-71DFC8AB4F5D}"
	ProjectSection(ProjectDependencies) = postProject
		{D3C2D1F6-6701-4124-8F14-10956291D56F} = {D3C2D1F6-6701-4124-8F14-10956291D56F}
	EndProjectSection
EndProject
Global
	GlobalSection(SolutionConfigurationPlatforms) = preSolution
		Debug|Any CPU = Debug|Any CPU
		Release|Any CPU = Release|Any CPU
	EndGlobalSection
	GlobalSection(ProjectConfigurationPlatforms) = postSolution
		{D3C2D1F6-6701-4124-8F14-10956291D56F}.Debug|Any CPU.ActiveCfg = Debug|Any CPU
		{D3C2D1F6-6701-4124-8F14-10956291D56F}.Debug|Any CPU.Build.0 = Debug|Any CPU
		{D3C2D1F6-6701-4124-8F14-10956291D56F}.Release|Any CPU.ActiveCfg = Release|Any CPU
		{D3C2D1F6-6701-4124-8F14-10956291D56F}.Release|Any CPU.Build.0 = Release|Any CPU
		{58AA9533-64A0-44A5-A27A-71DFC8AB4F5D}.Debug|Any CPU.ActiveCfg = Debug|Any CPU
		{58AA9533-64A0-44A5-A27A-71DFC8AB4F5D}.Debug|Any CPU.Build.0 = Debug|Any CPU
		{58AA9533-64A0-44A5-A27A-71DFC8AB4F5D}.Release|Any CPU.ActiveCfg = Release|Any CPU
		{58AA9533-64A0-44A5-A27A-71DFC8AB4F5D}.Release|Any CPU.Build.0 = Release|Any CPU
	EndGlobalSection
	GlobalSection(SolutionProperties) = preSolution
		HideSolutionNode = FALSE
	EndGlobalSection
	GlobalSection(ExtensibilityGlobals) = postSolution
		SolutionGuid = {6845B537-E3F9-43CB-85FE-3D1287CB3B06}
	EndGlobalSection
EndGlobal
