
Microsoft Visual Studio Solution File, Format Version 12.00
# Visual Studio Version 16
VisualStudioVersion = 16.0.29324.140
MinimumVisualStudioVersion = 10.0.40219.1
Project("{FAE04EC0-301F-11D3-BF4B-00C04F79EFBC}") = "StockWebservice", "StockWebservice\StockWebservice.csproj", "{32AD15D9-DEE2-4F3B-8266-70C931E31A4E}"
EndProject
Project("{FAE04EC0-301F-11D3-BF4B-00C04F79EFBC}") = "StockWebsite", "StockWebsite\StockWebsite.csproj", "{45210DF3-A09F-42AB-A637-B7D5EF0AAF01}"
	ProjectSection(ProjectDependencies) = postProject
		{32AD15D9-DEE2-4F3B-8266-70C931E31A4E} = {32AD15D9-DEE2-4F3B-8266-70C931E31A4E}
	EndProjectSection
EndProject
Global
	GlobalSection(SolutionConfigurationPlatforms) = preSolution
		Debug|Any CPU = Debug|Any CPU
		Release|Any CPU = Release|Any CPU
	EndGlobalSection
	GlobalSection(ProjectConfigurationPlatforms) = postSolution
		{32AD15D9-DEE2-4F3B-8266-70C931E31A4E}.Debug|Any CPU.ActiveCfg = Debug|Any CPU
		{32AD15D9-DEE2-4F3B-8266-70C931E31A4E}.Debug|Any CPU.Build.0 = Debug|Any CPU
		{32AD15D9-DEE2-4F3B-8266-70C931E31A4E}.Release|Any CPU.ActiveCfg = Release|Any CPU
		{32AD15D9-DEE2-4F3B-8266-70C931E31A4E}.Release|Any CPU.Build.0 = Release|Any CPU
		{45210DF3-A09F-42AB-A637-B7D5EF0AAF01}.Debug|Any CPU.ActiveCfg = Debug|Any CPU
		{45210DF3-A09F-42AB-A637-B7D5EF0AAF01}.Debug|Any CPU.Build.0 = Debug|Any CPU
		{45210DF3-A09F-42AB-A637-B7D5EF0AAF01}.Release|Any CPU.ActiveCfg = Release|Any CPU
		{45210DF3-A09F-42AB-A637-B7D5EF0AAF01}.Release|Any CPU.Build.0 = Release|Any CPU
	EndGlobalSection
	GlobalSection(SolutionProperties) = preSolution
		HideSolutionNode = FALSE
	EndGlobalSection
	GlobalSection(ExtensibilityGlobals) = postSolution
		SolutionGuid = {E8864DC5-F514-484D-8636-466D7C1C240E}
	EndGlobalSection
EndGlobal
